
Microsoft Visual Studio Solution File, Format Version 12.00
# Visual Studio 15
VisualStudioVersion = 15.0.28307.1401
MinimumVisualStudioVersion = 10.0.40219.1
Project("{FAE04EC0-301F-11D3-BF4B-00C04F79EFBC}") = "stepProgressBar03", "stepProgressBar03\stepProgressBar03.csproj", "{1D086619-EC16-4087-9317-3FE42DFB39B5}"
EndProject
Global
	GlobalSection(SolutionConfigurationPlatforms) = preSolution
		Debug|Any CPU = Debug|Any CPU
		Release|Any CPU = Release|Any CPU
	EndGlobalSection
	GlobalSection(ProjectConfigurationPlatforms) = postSolution
		{1D086619-EC16-4087-9317-3FE42DFB39B5}.Debug|Any CPU.ActiveCfg = Debug|Any CPU
		{1D086619-EC16-4087-9317-3FE42DFB39B5}.Debug|Any CPU.Build.0 = Debug|Any CPU
		{1D086619-EC16-4087-9317-3FE42DFB39B5}.Release|Any CPU.ActiveCfg = Release|Any CPU
		{1D086619-EC16-4087-9317-3FE42DFB39B5}.Release|Any CPU.Build.0 = Release|Any CPU
	EndGlobalSection
	GlobalSection(SolutionProperties) = preSolution
		HideSolutionNode = FALSE
	EndGlobalSection
	GlobalSection(ExtensibilityGlobals) = postSolution
		SolutionGuid = {C9DC6FCB-1721-43C9-8486-8645D4AA4216}
	EndGlobalSection
EndGlobal
